
Microsoft Visual Studio Solution File, Format Version 12.00
# Visual Studio 15
Project("{FAE04EC0-301F-11D3-BF4B-00C04F79EFBC}") = "Assembly-CSharp", "Assembly-CSharp.csproj", "{F2C9BD1B-5038-FA90-F7B1-62EE1E8D422F}"
EndProject
Project("{FAE04EC0-301F-11D3-BF4B-00C04F79EFBC}") = "Assembly-CSharp-Editor", "Assembly-CSharp-Editor.csproj", "{94358B2D-1C59-9327-D51A-80BFE1CEAF5F}"
EndProject
Global
	GlobalSection(SolutionConfigurationPlatforms) = preSolution
		Debug|Any CPU = Debug|Any CPU
		Release|Any CPU = Release|Any CPU
	EndGlobalSection
	GlobalSection(ProjectConfigurationPlatforms) = postSolution
		{F2C9BD1B-5038-FA90-F7B1-62EE1E8D422F}.Debug|Any CPU.ActiveCfg = Debug|Any CPU
		{F2C9BD1B-5038-FA90-F7B1-62EE1E8D422F}.Debug|Any CPU.Build.0 = Debug|Any CPU
		{F2C9BD1B-5038-FA90-F7B1-62EE1E8D422F}.Release|Any CPU.ActiveCfg = Release|Any CPU
		{F2C9BD1B-5038-FA90-F7B1-62EE1E8D422F}.Release|Any CPU.Build.0 = Release|Any CPU
		{94358B2D-1C59-9327-D51A-80BFE1CEAF5F}.Debug|Any CPU.ActiveCfg = Debug|Any CPU
		{94358B2D-1C59-9327-D51A-80BFE1CEAF5F}.Debug|Any CPU.Build.0 = Debug|Any CPU
		{94358B2D-1C59-9327-D51A-80BFE1CEAF5F}.Release|Any CPU.ActiveCfg = Release|Any CPU
		{94358B2D-1C59-9327-D51A-80BFE1CEAF5F}.Release|Any CPU.Build.0 = Release|Any CPU
	EndGlobalSection
	GlobalSection(SolutionProperties) = preSolution
		HideSolutionNode = FALSE
	EndGlobalSection
EndGlobal
